
Microsoft Visual Studio Solution File, Format Version 12.00
# Visual Studio Version 17
VisualStudioVersion = 17.8.34511.84
MinimumVisualStudioVersion = 10.0.40219.1
Project("{FAE04EC0-301F-11D3-BF4B-00C04F79EFBC}") = "HighFieldOfViewCam", "HighFieldOfViewCam.csproj", "{7274FA9C-0773-465B-A619-B35FDCF28F8F}"
EndProject
Global
	GlobalSection(SolutionConfigurationPlatforms) = preSolution
		Debug|Any CPU = Debug|Any CPU
		Release|Any CPU = Release|Any CPU
	EndGlobalSection
	GlobalSection(ProjectConfigurationPlatforms) = postSolution
		{7274FA9C-0773-465B-A619-B35FDCF28F8F}.Debug|Any CPU.ActiveCfg = Debug|Any CPU
		{7274FA9C-0773-465B-A619-B35FDCF28F8F}.Debug|Any CPU.Build.0 = Debug|Any CPU
		{7274FA9C-0773-465B-A619-B35FDCF28F8F}.Release|Any CPU.ActiveCfg = Release|Any CPU
		{7274FA9C-0773-465B-A619-B35FDCF28F8F}.Release|Any CPU.Build.0 = Release|Any CPU
	EndGlobalSection
	GlobalSection(SolutionProperties) = preSolution
		HideSolutionNode = FALSE
	EndGlobalSection
	GlobalSection(ExtensibilityGlobals) = postSolution
		SolutionGuid = {FF194826-40F1-4A20-BF4D-787E8E0E14F1}
	EndGlobalSection
EndGlobal
